
Microsoft Visual Studio Solution File, Format Version 12.00
# Visual Studio Version 16
VisualStudioVersion = 16.0.31613.86
MinimumVisualStudioVersion = 10.0.40219.1
Project("{FAE04EC0-301F-11D3-BF4B-00C04F79EFBC}") = "Microsoft.PWABuilder.ManifestCreator", "Microsoft.PWABuilder.ManifestCreator.csproj", "{33B1DBAF-D200-4DE3-92DF-3B6DD1C3FA64}"
EndProject
Global
	GlobalSection(SolutionConfigurationPlatforms) = preSolution
		Debug|Any CPU = Debug|Any CPU
		Release|Any CPU = Release|Any CPU
	EndGlobalSection
	GlobalSection(ProjectConfigurationPlatforms) = postSolution
		{33B1DBAF-D200-4DE3-92DF-3B6DD1C3FA64}.Debug|Any CPU.ActiveCfg = Debug|Any CPU
		{33B1DBAF-D200-4DE3-92DF-3B6DD1C3FA64}.Debug|Any CPU.Build.0 = Debug|Any CPU
		{33B1DBAF-D200-4DE3-92DF-3B6DD1C3FA64}.Release|Any CPU.ActiveCfg = Release|Any CPU
		{33B1DBAF-D200-4DE3-92DF-3B6DD1C3FA64}.Release|Any CPU.Build.0 = Release|Any CPU
	EndGlobalSection
	GlobalSection(SolutionProperties) = preSolution
		HideSolutionNode = FALSE
	EndGlobalSection
	GlobalSection(ExtensibilityGlobals) = postSolution
		SolutionGuid = {949DCE59-A903-44CF-81B9-3FBFBFFEDC69}
	EndGlobalSection
EndGlobal
